# THIS IS AN AUTOGENERATED FILE. DO NOT EDIT THIS FILE DIRECTLY.
# yarn lockfile v1


"@types/video.js@^7.3.11":
  version "7.3.11"
  resolved "https://registry.yarnpkg.com/@types/video.js/-/video.js-7.3.11.tgz#b1749fcc733c608ede4d10c9a570ebafc4ec2486"
  integrity sha512-9KpJkt6zsy6xRiHZjzjKxCEySqt3TgPgl0XegszwJfaLO4+n4rELS5rbsHUgLJxZaMgbJtyTPXk1HkCsJ5kRiA==
